Microsoft Visual Studio Solution File, Format Version 12.00
# Visual Studio 15
VisualStudioVersion = 15.0.26430.6
MinimumVisualStudioVersion = 10.0.40219.1
Project("{2150E333-8FDC-42A3-9474-1A3956D46DE8}") = "stuff", "stuff", "{1ABDD7C1-1F8D-402D-8692-3E4B66962DE0}"
	ProjectSection(SolutionItems) = preProject
		CHANGELOG.md = CHANGELOG.md
		CONTRIBUTING.md = CONTRIBUTING.md
		LICENSE.md = LICENSE.md
		README.md = README.md
	EndProjectSection
EndProject
Project("{FAE04EC0-301F-11D3-BF4B-00C04F79EFBC}") = "Matcha", "Matcha\Matcha.csproj", "{A920ED12-A793-4A71-88F8-496B3024465B}"
EndProject
Project("{FAE04EC0-301F-11D3-BF4B-00C04F79EFBC}") = "Matcha.Tests", "Matcha.Tests\Matcha.Tests.csproj", "{58F98B21-7288-433A-AEA1-2B9EF2FB7B25}"
EndProject
Global
	GlobalSection(SolutionConfigurationPlatforms) = preSolution
		Debug|Any CPU = Debug|Any CPU
		Release|Any CPU = Release|Any CPU
	EndGlobalSection
	GlobalSection(ProjectConfigurationPlatforms) = postSolution
		{A920ED12-A793-4A71-88F8-496B3024465B}.Debug|Any CPU.ActiveCfg = Debug|Any CPU
		{A920ED12-A793-4A71-88F8-496B3024465B}.Debug|Any CPU.Build.0 = Debug|Any CPU
		{A920ED12-A793-4A71-88F8-496B3024465B}.Release|Any CPU.ActiveCfg = Release|Any CPU
		{A920ED12-A793-4A71-88F8-496B3024465B}.Release|Any CPU.Build.0 = Release|Any CPU
		{58F98B21-7288-433A-AEA1-2B9EF2FB7B25}.Debug|Any CPU.ActiveCfg = Debug|Any CPU
		{58F98B21-7288-433A-AEA1-2B9EF2FB7B25}.Debug|Any CPU.Build.0 = Debug|Any CPU
		{58F98B21-7288-433A-AEA1-2B9EF2FB7B25}.Release|Any CPU.ActiveCfg = Release|Any CPU
		{58F98B21-7288-433A-AEA1-2B9EF2FB7B25}.Release|Any CPU.Build.0 = Release|Any CPU
	EndGlobalSection
	GlobalSection(SolutionProperties) = preSolution
		HideSolutionNode = FALSE
	EndGlobalSection
	GlobalSection(ExtensibilityGlobals) = postSolution
		SolutionGuid = {A756DCA4-6786-4974-8903-8E67B90B9628}
	EndGlobalSection
EndGlobal
